// !$*UTF8*$!
{
	archiveVersion = 1;
	classes = {
	};
	objectVersion = 55;
	objects = {

/* Begin PBXBuildFile section */
		B2A473FE28054DF100D54B9C /* CitySightsApp.swift in Sources */ = {isa = PBXBuildFile; fileRef = B2A473FD28054DF100D54B9C /* CitySightsApp.swift */; };
		B2A4740028054DF100D54B9C /* LaunchView.swift in Sources */ = {isa = PBXBuildFile; fileRef = B2A473FF28054DF100D54B9C /* LaunchView.swift */; };
		B2A4740228054DF200D54B9C /* Assets.xcassets in Resources */ = {isa = PBXBuildFile; fileRef = B2A4740128054DF200D54B9C /* Assets.xcassets */; };
		B2A4740528054DF200D54B9C /* Preview Assets.xcassets in Resources */ = {isa = PBXBuildFile; fileRef = B2A4740428054DF200D54B9C /* Preview Assets.xcassets */; };
		B2A47412280550E900D54B9C /* ContentModel.swift in Sources */ = {isa = PBXBuildFile; fileRef = B2A47411280550E900D54B9C /* ContentModel.swift */; };
		B2A474162805541D00D54B9C /* Business.swift in Sources */ = {isa = PBXBuildFile; fileRef = B2A474152805541D00D54B9C /* Business.swift */; };
		B2A474182805544600D54B9C /* BusinessSearch.swift in Sources */ = {isa = PBXBuildFile; fileRef = B2A474172805544600D54B9C /* BusinessSearch.swift */; };
		B2A4741B2805546B00D54B9C /* Constants.swift in Sources */ = {isa = PBXBuildFile; fileRef = B2A4741A2805546B00D54B9C /* Constants.swift */; };
		B2A4742028055EB800D54B9C /* HomeView.swift in Sources */ = {isa = PBXBuildFile; fileRef = B2A4741F28055EB800D54B9C /* HomeView.swift */; };
		B2A47423280567B700D54B9C /* BusinessList.swift in Sources */ = {isa = PBXBuildFile; fileRef = B2A47422280567B700D54B9C /* BusinessList.swift */; };
		B2A4742528056F5C00D54B9C /* BusinessSectionHeaders.swift in Sources */ = {isa = PBXBuildFile; fileRef = B2A4742428056F5C00D54B9C /* BusinessSectionHeaders.swift */; };
		B2A4742728057CF500D54B9C /* BusinessSection.swift in Sources */ = {isa = PBXBuildFile; fileRef = B2A4742628057CF500D54B9C /* BusinessSection.swift */; };
/* End PBXBuildFile section */

/* Begin PBXFileReference section */
		B2A473FA28054DF100D54B9C /* City-Sights-App.app */ = {isa = PBXFileReference; explicitFileType = wrapper.application; includeInIndex = 0; path = "City-Sights-App.app"; sourceTree = BUILT_PRODUCTS_DIR; };
		B2A473FD28054DF100D54B9C /* CitySightsApp.swift */ = {isa = PBXFileReference; lastKnownFileType = sourcecode.swift; path = CitySightsApp.swift; sourceTree = "<group>"; };
		B2A473FF28054DF100D54B9C /* LaunchView.swift */ = {isa = PBXFileReference; lastKnownFileType = sourcecode.swift; path = LaunchView.swift; sourceTree = "<group>"; };
		B2A4740128054DF200D54B9C /* Assets.xcassets */ = {isa = PBXFileReference; lastKnownFileType = folder.assetcatalog; path = Assets.xcassets; sourceTree = "<group>"; };
		B2A4740428054DF200D54B9C /* Preview Assets.xcassets */ = {isa = PBXFileReference; lastKnownFileType = folder.assetcatalog; path = "Preview Assets.xcassets"; sourceTree = "<group>"; };
		B2A47411280550E900D54B9C /* ContentModel.swift */ = {isa = PBXFileReference; lastKnownFileType = sourcecode.swift; path = ContentModel.swift; sourceTree = "<group>"; };
		B2A474152805541D00D54B9C /* Business.swift */ = {isa = PBXFileReference; lastKnownFileType = sourcecode.swift; path = Business.swift; sourceTree = "<group>"; };
		B2A474172805544600D54B9C /* BusinessSearch.swift */ = {isa = PBXFileReference; lastKnownFileType = sourcecode.swift; path = BusinessSearch.swift; sourceTree = "<group>"; };
		B2A4741A2805546B00D54B9C /* Constants.swift */ = {isa = PBXFileReference; lastKnownFileType = sourcecode.swift; path = Constants.swift; sourceTree = "<group>"; };
		B2A4741F28055EB800D54B9C /* HomeView.swift */ = {isa = PBXFileReference; lastKnownFileType = sourcecode.swift; path = HomeView.swift; sourceTree = "<group>"; };
		B2A47422280567B700D54B9C /* BusinessList.swift */ = {isa = PBXFileReference; lastKnownFileType = sourcecode.swift; path = BusinessList.swift; sourceTree = "<group>"; };
		B2A4742428056F5C00D54B9C /* BusinessSectionHeaders.swift */ = {isa = PBXFileReference; lastKnownFileType = sourcecode.swift; path = BusinessSectionHeaders.swift; sourceTree = "<group>"; };
		B2A4742628057CF500D54B9C /* BusinessSection.swift */ = {isa = PBXFileReference; lastKnownFileType = sourcecode.swift; path = BusinessSection.swift; sourceTree = "<group>"; };
/* End PBXFileReference section */

/* Begin PBXFrameworksBuildPhase section */
		B2A473F728054DF100D54B9C /* Frameworks */ = {
			isa = PBXFrameworksBuildPhase;
			buildActionMask = 2147483647;
			files = (
			);
			runOnlyForDeploymentPostprocessing = 0;
		};
/* End PBXFrameworksBuildPhase section */

/* Begin PBXGroup section */
		B2A473F128054DF100D54B9C = {
			isa = PBXGroup;
			children = (
				B2A473FC28054DF100D54B9C /* City-Sights-App */,
				B2A473FB28054DF100D54B9C /* Products */,
			);
			sourceTree = "<group>";
		};
		B2A473FB28054DF100D54B9C /* Products */ = {
			isa = PBXGroup;
			children = (
				B2A473FA28054DF100D54B9C /* City-Sights-App.app */,
			);
			name = Products;
			sourceTree = "<group>";
		};
		B2A473FC28054DF100D54B9C /* City-Sights-App */ = {
			isa = PBXGroup;
			children = (
				B2A473FD28054DF100D54B9C /* CitySightsApp.swift */,
				B2A4740B28054E3800D54B9C /* Views */,
				B2A4741D28055E7A00D54B9C /* Denied */,
				B2A4741E28055E9100D54B9C /* Home */,
				B2A4740C28054ED300D54B9C /* ViewModels */,
				B2A4740E28054EED00D54B9C /* Models */,
				B2A474192805545300D54B9C /* Helpers */,
				B2A4740128054DF200D54B9C /* Assets.xcassets */,
				B2A4740328054DF200D54B9C /* Preview Content */,
			);
			path = "City-Sights-App";
			sourceTree = "<group>";
		};
		B2A4740328054DF200D54B9C /* Preview Content */ = {
			isa = PBXGroup;
			children = (
				B2A4740428054DF200D54B9C /* Preview Assets.xcassets */,
			);
			path = "Preview Content";
			sourceTree = "<group>";
		};
		B2A4740B28054E3800D54B9C /* Views */ = {
			isa = PBXGroup;
			children = (
				B2A4741C28055E6000D54B9C /* Onboarding */,
				B2A473FF28054DF100D54B9C /* LaunchView.swift */,
			);
			path = Views;
			sourceTree = "<group>";
		};
		B2A4740C28054ED300D54B9C /* ViewModels */ = {
			isa = PBXGroup;
			children = (
				B2A47411280550E900D54B9C /* ContentModel.swift */,
			);
			path = ViewModels;
			sourceTree = "<group>";
		};
		B2A4740E28054EED00D54B9C /* Models */ = {
			isa = PBXGroup;
			children = (
				B2A474152805541D00D54B9C /* Business.swift */,
				B2A474172805544600D54B9C /* BusinessSearch.swift */,
			);
			path = Models;
			sourceTree = "<group>";
		};
		B2A474192805545300D54B9C /* Helpers */ = {
			isa = PBXGroup;
			children = (
				B2A4741A2805546B00D54B9C /* Constants.swift */,
			);
			path = Helpers;
			sourceTree = "<group>";
		};
		B2A4741C28055E6000D54B9C /* Onboarding */ = {
			isa = PBXGroup;
			children = (
			);
			path = Onboarding;
			sourceTree = "<group>";
		};
		B2A4741D28055E7A00D54B9C /* Denied */ = {
			isa = PBXGroup;
			children = (
			);
			path = Denied;
			sourceTree = "<group>";
		};
		B2A4741E28055E9100D54B9C /* Home */ = {
			isa = PBXGroup;
			children = (
				B2A4741F28055EB800D54B9C /* HomeView.swift */,
				B2A474212805676A00D54B9C /* List */,
			);
			path = Home;
			sourceTree = "<group>";
		};
		B2A474212805676A00D54B9C /* List */ = {
			isa = PBXGroup;
			children = (
				B2A47422280567B700D54B9C /* BusinessList.swift */,
				B2A4742428056F5C00D54B9C /* BusinessSectionHeaders.swift */,
				B2A4742628057CF500D54B9C /* BusinessSection.swift */,
			);
			path = List;
			sourceTree = "<group>";
		};
/* End PBXGroup section */

/* Begin PBXNativeTarget section */
		B2A473F928054DF100D54B9C /* City-Sights-App */ = {
			isa = PBXNativeTarget;
			buildConfigurationList = B2A4740828054DF200D54B9C /* Build configuration list for PBXNativeTarget "City-Sights-App" */;
			buildPhases = (
				B2A473F628054DF100D54B9C /* Sources */,
				B2A473F728054DF100D54B9C /* Frameworks */,
				B2A473F828054DF100D54B9C /* Resources */,
			);
			buildRules = (
			);
			dependencies = (
			);
			name = "City-Sights-App";
			productName = "City-Sights-App";
			productReference = B2A473FA28054DF100D54B9C /* City-Sights-App.app */;
			productType = "com.apple.product-type.application";
		};
/* End PBXNativeTarget section */

/* Begin PBXProject section */
		B2A473F228054DF100D54B9C /* Project object */ = {
			isa = PBXProject;
			attributes = {
				BuildIndependentTargetsInParallel = 1;
				LastSwiftUpdateCheck = 1310;
				LastUpgradeCheck = 1310;
				TargetAttributes = {
					B2A473F928054DF100D54B9C = {
						CreatedOnToolsVersion = 13.1;
					};
				};
			};
			buildConfigurationList = B2A473F528054DF100D54B9C /* Build configuration list for PBXProject "City-Sights-App" */;
			compatibilityVersion = "Xcode 13.0";
			developmentRegion = en;
			hasScannedForEncodings = 0;
			knownRegions = (
				en,
				Base,
			);
			mainGroup = B2A473F128054DF100D54B9C;
			productRefGroup = B2A473FB28054DF100D54B9C /* Products */;
			projectDirPath = "";
			projectRoot = "";
			targets = (
				B2A473F928054DF100D54B9C /* City-Sights-App */,
			);
		};
/* End PBXProject section */

/* Begin PBXResourcesBuildPhase section */
		B2A473F828054DF100D54B9C /* Resources */ = {
			isa = PBXResourcesBuildPhase;
			buildActionMask = 2147483647;
			files = (
				B2A4740528054DF200D54B9C /* Preview Assets.xcassets in Resources */,
				B2A4740228054DF200D54B9C /* Assets.xcassets in Resources */,
			);
			runOnlyForDeploymentPostprocessing = 0;
		};
/* End PBXResourcesBuildPhase section */

/* Begin PBXSourcesBuildPhase section */
		B2A473F628054DF100D54B9C /* Sources */ = {
			isa = PBXSourcesBuildPhase;
			buildActionMask = 2147483647;
			files = (
				B2A4742528056F5C00D54B9C /* BusinessSectionHeaders.swift in Sources */,
				B2A4740028054DF100D54B9C /* LaunchView.swift in Sources */,
				B2A4742028055EB800D54B9C /* HomeView.swift in Sources */,
				B2A474162805541D00D54B9C /* Business.swift in Sources */,
				B2A473FE28054DF100D54B9C /* CitySightsApp.swift in Sources */,
				B2A474182805544600D54B9C /* BusinessSearch.swift in Sources */,
				B2A47423280567B700D54B9C /* BusinessList.swift in Sources */,
				B2A4742728057CF500D54B9C /* BusinessSection.swift in Sources */,
				B2A47412280550E900D54B9C /* ContentModel.swift in Sources */,
				B2A4741B2805546B00D54B9C /* Constants.swift in Sources */,
			);
			runOnlyForDeploymentPostprocessing = 0;
		};
/* End PBXSourcesBuildPhase section */

/* Begin XCBuildConfiguration section */
		B2A4740628054DF200D54B9C /* Debug */ = {
			isa = XCBuildConfiguration;
			buildSettings = {
				ALWAYS_SEARCH_USER_PATHS = NO;
				CLANG_ANALYZER_NONNULL = YES;
				CLANG_ANALYZER_NUMBER_OBJECT_CONVERSION = YES_AGGRESSIVE;
				CLANG_CXX_LANGUAGE_STANDARD = "gnu++17";
				CLANG_CXX_LIBRARY = "libc++";
				CLANG_ENABLE_MODULES = YES;
				CLANG_ENABLE_OBJC_ARC = YES;
				CLANG_ENABLE_OBJC_WEAK = YES;
				CLANG_WARN_BLOCK_CAPTURE_AUTORELEASING = YES;
				CLANG_WARN_BOOL_CONVERSION = YES;
				CLANG_WARN_COMMA = YES;
				CLANG_WARN_CONSTANT_CONVERSION = YES;
				CLANG_WARN_DEPRECATED_OBJC_IMPLEMENTATIONS = YES;
				CLANG_WARN_DIRECT_OBJC_ISA_USAGE = YES_ERROR;
				CLANG_WARN_DOCUMENTATION_COMMENTS = YES;
				CLANG_WARN_EMPTY_BODY = YES;
				CLANG_WARN_ENUM_CONVERSION = YES;
				CLANG_WARN_INFINITE_RECURSION = YES;
				CLANG_WARN_INT_CONVERSION = YES;
				CLANG_WARN_NON_LITERAL_NULL_CONVERSION = YES;
				CLANG_WARN_OBJC_IMPLICIT_RETAIN_SELF = YES;
				CLANG_WARN_OBJC_LITERAL_CONVERSION = YES;
				CLANG_WARN_OBJC_ROOT_CLASS = YES_ERROR;
				CLANG_WARN_QUOTED_INCLUDE_IN_FRAMEWORK_HEADER = YES;
				CLANG_WARN_RANGE_LOOP_ANALYSIS = YES;
				CLANG_WARN_STRICT_PROTOTYPES = YES;
				CLANG_WARN_SUSPICIOUS_MOVE = YES;
				CLANG_WARN_UNGUARDED_AVAILABILITY = YES_AGGRESSIVE;
				CLANG_WARN_UNREACHABLE_CODE = YES;
				CLANG_WARN__DUPLICATE_METHOD_MATCH = YES;
				COPY_PHASE_STRIP = NO;
				DEBUG_INFORMATION_FORMAT = dwarf;
				ENABLE_STRICT_OBJC_MSGSEND = YES;
				ENABLE_TESTABILITY = YES;
				GCC_C_LANGUAGE_STANDARD = gnu11;
				GCC_DYNAMIC_NO_PIC = NO;
				GCC_NO_COMMON_BLOCKS = YES;
				GCC_OPTIMIZATION_LEVEL = 0;
				GCC_PREPROCESSOR_DEFINITIONS = (
					"DEBUG=1",
					"$(inherited)",
				);
				GCC_WARN_64_TO_32_BIT_CONVERSION = YES;
				GCC_WARN_ABOUT_RETURN_TYPE = YES_ERROR;
				GCC_WARN_UNDECLARED_SELECTOR = YES;
				GCC_WARN_UNINITIALIZED_AUTOS = YES_AGGRESSIVE;
				GCC_WARN_UNUSED_FUNCTION = YES;
				GCC_WARN_UNUSED_VARIABLE = YES;
				IPHONEOS_DEPLOYMENT_TARGET = 15.0;
				MTL_ENABLE_DEBUG_INFO = INCLUDE_SOURCE;
				MTL_FAST_MATH = YES;
				ONLY_ACTIVE_ARCH = YES;
				SDKROOT = iphoneos;
				SWIFT_ACTIVE_COMPILATION_CONDITIONS = DEBUG;
				SWIFT_OPTIMIZATION_LEVEL = "-Onone";
			};
			name = Debug;
		};
		B2A4740728054DF200D54B9C /* Release */ = {
			isa = XCBuildConfiguration;
			buildSettings = {
				ALWAYS_SEARCH_USER_PATHS = NO;
				CLANG_ANALYZER_NONNULL = YES;
				CLANG_ANALYZER_NUMBER_OBJECT_CONVERSION = YES_AGGRESSIVE;
				CLANG_CXX_LANGUAGE_STANDARD = "gnu++17";
				CLANG_CXX_LIBRARY = "libc++";
				CLANG_ENABLE_MODULES = YES;
				CLANG_ENABLE_OBJC_ARC = YES;
				CLANG_ENABLE_OBJC_WEAK = YES;
				CLANG_WARN_BLOCK_CAPTURE_AUTORELEASING = YES;
				CLANG_WARN_BOOL_CONVERSION = YES;
				CLANG_WARN_COMMA = YES;
				CLANG_WARN_CONSTANT_CONVERSION = YES;
				CLANG_WARN_DEPRECATED_OBJC_IMPLEMENTATIONS = YES;
				CLANG_WARN_DIRECT_OBJC_ISA_USAGE = YES_ERROR;
				CLANG_WARN_DOCUMENTATION_COMMENTS = YES;
				CLANG_WARN_EMPTY_BODY = YES;
				CLANG_WARN_ENUM_CONVERSION = YES;
				CLANG_WARN_INFINITE_RECURSION = YES;
				CLANG_WARN_INT_CONVERSION = YES;
				CLANG_WARN_NON_LITERAL_NULL_CONVERSION = YES;
				CLANG_WARN_OBJC_IMPLICIT_RETAIN_SELF = YES;
				CLANG_WARN_OBJC_LITERAL_CONVERSION = YES;
				CLANG_WARN_OBJC_ROOT_CLASS = YES_ERROR;
				CLANG_WARN_QUOTED_INCLUDE_IN_FRAMEWORK_HEADER = YES;
				CLANG_WARN_RANGE_LOOP_ANALYSIS = YES;
				CLANG_WARN_STRICT_PROTOTYPES = YES;
				CLANG_WARN_SUSPICIOUS_MOVE = YES;
				CLANG_WARN_UNGUARDED_AVAILABILITY = YES_AGGRESSIVE;
				CLANG_WARN_UNREACHABLE_CODE = YES;
				CLANG_WARN__DUPLICATE_METHOD_MATCH = YES;
				COPY_PHASE_STRIP = NO;
				DEBUG_INFORMATION_FORMAT = "dwarf-with-dsym";
				ENABLE_NS_ASSERTIONS = NO;
				ENABLE_STRICT_OBJC_MSGSEND = YES;
				GCC_C_LANGUAGE_STANDARD = gnu11;
				GCC_NO_COMMON_BLOCKS = YES;
				GCC_WARN_64_TO_32_BIT_CONVERSION = YES;
				GCC_WARN_ABOUT_RETURN_TYPE = YES_ERROR;
				GCC_WARN_UNDECLARED_SELECTOR = YES;
				GCC_WARN_UNINITIALIZED_AUTOS = YES_AGGRESSIVE;
				GCC_WARN_UNUSED_FUNCTION = YES;
				GCC_WARN_UNUSED_VARIABLE = YES;
				IPHONEOS_DEPLOYMENT_TARGET = 15.0;
				MTL_ENABLE_DEBUG_INFO = NO;
				MTL_FAST_MATH = YES;
				SDKROOT = iphoneos;
				SWIFT_COMPILATION_MODE = wholemodule;
				SWIFT_OPTIMIZATION_LEVEL = "-O";
				VALIDATE_PRODUCT = YES;
			};
			name = Release;
		};
		B2A4740928054DF200D54B9C /* Debug */ = {
			isa = XCBuildConfiguration;
			buildSettings = {
				ASSETCATALOG_COMPILER_APPICON_NAME = AppIcon;
				ASSETCATALOG_COMPILER_GLOBAL_ACCENT_COLOR_NAME = AccentColor;
				CODE_SIGN_STYLE = Automatic;
				CURRENT_PROJECT_VERSION = 1;
				DEVELOPMENT_ASSET_PATHS = "\"City-Sights-App/Preview Content\"";
				DEVELOPMENT_TEAM = X4H7XJ6DV5;
				ENABLE_PREVIEWS = YES;
				GENERATE_INFOPLIST_FILE = YES;
				INFOPLIST_KEY_NSLocationWhenInUseUsageDescription = "Grant permission to find restaurants and sights near you.";
				INFOPLIST_KEY_UIApplicationSceneManifest_Generation = YES;
				INFOPLIST_KEY_UIApplicationSupportsIndirectInputEvents = YES;
				INFOPLIST_KEY_UILaunchScreen_Generation = YES;
				INFOPLIST_KEY_UISupportedInterfaceOrientations_iPad = "UIInterfaceOrientationPortrait UIInterfaceOrientationPortraitUpsideDown UIInterfaceOrientationLandscapeLeft UIInterfaceOrientationLandscapeRight";
				INFOPLIST_KEY_UISupportedInterfaceOrientations_iPhone = "UIInterfaceOrientationPortrait UIInterfaceOrientationLandscapeLeft UIInterfaceOrientationLandscapeRight";
				LD_RUNPATH_SEARCH_PATHS = (
					"$(inherited)",
					"@executable_path/Frameworks",
				);
				MARKETING_VERSION = 1.0;
				PRODUCT_BUNDLE_IDENTIFIER = "com.gmail.sheep52031.City-Sights-App";
				PRODUCT_NAME = "$(TARGET_NAME)";
				SWIFT_EMIT_LOC_STRINGS = YES;
				SWIFT_VERSION = 5.0;
				TARGETED_DEVICE_FAMILY = "1,2";
			};
			name = Debug;
		};
		B2A4740A28054DF200D54B9C /* Release */ = {
			isa = XCBuildConfiguration;
			buildSettings = {
				ASSETCATALOG_COMPILER_APPICON_NAME = AppIcon;
				ASSETCATALOG_COMPILER_GLOBAL_ACCENT_COLOR_NAME = AccentColor;
				CODE_SIGN_STYLE = Automatic;
				CURRENT_PROJECT_VERSION = 1;
				DEVELOPMENT_ASSET_PATHS = "\"City-Sights-App/Preview Content\"";
				DEVELOPMENT_TEAM = X4H7XJ6DV5;
				ENABLE_PREVIEWS = YES;
				GENERATE_INFOPLIST_FILE = YES;
				INFOPLIST_KEY_NSLocationWhenInUseUsageDescription = "Grant permission to find restaurants and sights near you.";
				INFOPLIST_KEY_UIApplicationSceneManifest_Generation = YES;
				INFOPLIST_KEY_UIApplicationSupportsIndirectInputEvents = YES;
				INFOPLIST_KEY_UILaunchScreen_Generation = YES;
				INFOPLIST_KEY_UISupportedInterfaceOrientations_iPad = "UIInterfaceOrientationPortrait UIInterfaceOrientationPortraitUpsideDown UIInterfaceOrientationLandscapeLeft UIInterfaceOrientationLandscapeRight";
				INFOPLIST_KEY_UISupportedInterfaceOrientations_iPhone = "UIInterfaceOrientationPortrait UIInterfaceOrientationLandscapeLeft UIInterfaceOrientationLandscapeRight";
				LD_RUNPATH_SEARCH_PATHS = (
					"$(inherited)",
					"@executable_path/Frameworks",
				);
				MARKETING_VERSION = 1.0;
				PRODUCT_BUNDLE_IDENTIFIER = "com.gmail.sheep52031.City-Sights-App";
				PRODUCT_NAME = "$(TARGET_NAME)";
				SWIFT_EMIT_LOC_STRINGS = YES;
				SWIFT_VERSION = 5.0;
				TARGETED_DEVICE_FAMILY = "1,2";
			};
			name = Release;
		};
/* End XCBuildConfiguration section */

/* Begin XCConfigurationList section */
		B2A473F528054DF100D54B9C /* Build configuration list for PBXProject "City-Sights-App" */ = {
			isa = XCConfigurationList;
			buildConfigurations = (
				B2A4740628054DF200D54B9C /* Debug */,
				B2A4740728054DF200D54B9C /* Release */,
			);
			defaultConfigurationIsVisible = 0;
			defaultConfigurationName = Release;
		};
		B2A4740828054DF200D54B9C /* Build configuration list for PBXNativeTarget "City-Sights-App" */ = {
			isa = XCConfigurationList;
			buildConfigurations = (
				B2A4740928054DF200D54B9C /* Debug */,
				B2A4740A28054DF200D54B9C /* Release */,
			);
			defaultConfigurationIsVisible = 0;
			defaultConfigurationName = Release;
		};
/* End XCConfigurationList section */
	};
	rootObject = B2A473F228054DF100D54B9C /* Project object */;
}
